{
  "nodes": {
    "axctl": {
      "inputs": {
        "nixpkgs": [
          "nixpkgs"
        ]
      },
      "locked": {
        "lastModified": 1789846149,
        "narHash": "sha256-f5xXSRQKZyb8WKX5PoVtvOripgaPz4IPfCuJlJBHz0g=",
        "owner": "git-napkin",
        "repo": "axctl-plus",
        "rev": "ca700f912beb0d90c8edc6e81c30db7bae4fcffa",
        "type": "github"
      },
      "original": {
        "owner": "git-napkin",
        "ref": "dev",
        "repo": "axctl-plus",
        "type": "github"
      }
    },
    "nixpkgs": {
      "locked": {
        "lastModified": 1778869304,
        "narHash": "sha256-30sZNZoA1cqF5JNO9fVX+wgiQYjB7HJqqJ4ztCDeBZE=",
        "owner": "NixOS",
        "repo": "nixpkgs",
        "rev": "d233902339c02a9c334e7e593de68855ad26c4cb",
        "type": "github"
      },
      "original": {
        "owner": "NixOS",
        "ref": "nixos-unstable",
        "repo": "nixpkgs",
        "type": "github"
      }
    },
    "root": {
      "inputs": {
        "axctl": "axctl",
        "nixpkgs": "nixpkgs"
      }
    }
  },
  "root": "root",
  "version": 7
}
