{
  "nodes": {
    "axctl": {
      "inputs": {
        "nixpkgs": [
          "nixpkgs"
        ]
      },
      "locked": {
        "lastModified": 1789274922,
        "narHash": "sha256-izDgYQrk5LauXfsXP/JnKVgXUQrV3cfPBB2uCdxjtm4=",
        "owner": "git-napkin",
        "repo": "axctl-plus",
        "rev": "9284080a2a8c8c14f1b9bf001e3d0d7778ada04b",
        "type": "github"
      },
      "original": {
        "owner": "git-napkin",
        "ref": "dev",
        "repo": "axctl-plus",
        "type": "github"
      }
    },
    "nixpkgs": {
      "locked": {
        "lastModified": 1778869304,
        "narHash": "sha256-30sZNZoA1cqF5JNO9fVX+wgiQYjB7HJqqJ4ztCDeBZE=",
        "owner": "NixOS",
        "repo": "nixpkgs",
        "rev": "d233902339c02a9c334e7e593de68855ad26c4cb",
        "type": "github"
      },
      "original": {
        "owner": "NixOS",
        "ref": "nixos-unstable",
        "repo": "nixpkgs",
        "type": "github"
      }
    },
    "root": {
      "inputs": {
        "axctl": "axctl",
        "nixpkgs": "nixpkgs"
      }
    }
  },
  "root": "root",
  "version": 7
}
